
Microsoft Visual Studio Solution File, Format Version 12.00
# Visual Studio 15
VisualStudioVersion = 15.0.28307.271
MinimumVisualStudioVersion = 10.0.40219.1
Project("{FAE04EC0-301F-11D3-BF4B-00C04F79EFBC}") = "Senai.InLock.WebApi", "Senai.InLock.WebApi\Senai.InLock.WebApi.csproj", "{99492BF1-C3A1-4296-8A8C-320A9AD1E008}"
EndProject
Global
	GlobalSection(SolutionConfigurationPlatforms) = preSolution
		Debug|Any CPU = Debug|Any CPU
		Release|Any CPU = Release|Any CPU
	EndGlobalSection
	GlobalSection(ProjectConfigurationPlatforms) = postSolution
		{99492BF1-C3A1-4296-8A8C-320A9AD1E008}.Debug|Any CPU.ActiveCfg = Debug|Any CPU
		{99492BF1-C3A1-4296-8A8C-320A9AD1E008}.Debug|Any CPU.Build.0 = Debug|Any CPU
		{99492BF1-C3A1-4296-8A8C-320A9AD1E008}.Release|Any CPU.ActiveCfg = Release|Any CPU
		{99492BF1-C3A1-4296-8A8C-320A9AD1E008}.Release|Any CPU.Build.0 = Release|Any CPU
	EndGlobalSection
	GlobalSection(SolutionProperties) = preSolution
		HideSolutionNode = FALSE
	EndGlobalSection
	GlobalSection(ExtensibilityGlobals) = postSolution
		SolutionGuid = {CD3C8782-1552-4851-84D9-EDA841EF0B68}
	EndGlobalSection
EndGlobal
